{
  "version": 4,
  "terraform_version": "0.13.5",
  "serial": 11,
  "lineage": "06a7b085-0cb6-533c-f7c0-4e0063bc2b90",
  "outputs": {
    "ec2_ip": {
      "value": "54.154.121.151",
      "type": "string"
    }
  },
  "resources": [
    {
      "module": "module.my-ec2",
      "mode": "managed",
      "type": "aws_instance",
      "name": "ec2",
      "provider": "provider[\"registry.terraform.io/hashicorp/aws\"]",
      "instances": [
        {
          "schema_version": 1,
          "attributes": {
            "ami": "ami-0dc8d444ee2a42d8a",
            "arn": "arn:aws:ec2:eu-west-1:560460596452:instance/i-063f907bea5b7e4b4",
            "associate_public_ip_address": true,
            "availability_zone": "eu-west-1a",
            "cpu_core_count": 1,
            "cpu_threads_per_core": 1,
            "credit_specification": [
              {
                "cpu_credits": "standard"
              }
            ],
            "disable_api_termination": false,
            "ebs_block_device": [],
            "ebs_optimized": false,
            "ephemeral_block_device": [],
            "get_password_data": false,
            "hibernation": false,
            "host_id": null,
            "iam_instance_profile": "",
            "id": "i-063f907bea5b7e4b4",
            "instance_initiated_shutdown_behavior": null,
            "instance_state": "running",
            "instance_type": "t2.micro",
            "ipv6_address_count": 0,
            "ipv6_addresses": [],
            "key_name": "demokeys",
            "metadata_options": [
              {
                "http_endpoint": "enabled",
                "http_put_response_hop_limit": 1,
                "http_tokens": "optional"
              }
            ],
            "monitoring": false,
            "network_interface": [],
            "outpost_arn": "",
            "password_data": "",
            "placement_group": "",
            "primary_network_interface_id": "eni-0d3b875f58f8c603a",
            "private_dns": "ip-10-0-1-170.eu-west-1.compute.internal",
            "private_ip": "10.0.1.170",
            "public_dns": "ec2-54-154-121-151.eu-west-1.compute.amazonaws.com",
            "public_ip": "54.154.121.151",
            "root_block_device": [
              {
                "delete_on_termination": true,
                "device_name": "/dev/sda1",
                "encrypted": false,
                "iops": 100,
                "kms_key_id": "",
                "volume_id": "vol-0097e6e6d08ee0a0c",
                "volume_size": 8,
                "volume_type": "gp2"
              }
            ],
            "secondary_private_ips": [],
            "security_groups": [],
            "source_dest_check": true,
            "subnet_id": "subnet-018d00a3c3bce444a",
            "tags": {},
            "tenancy": "default",
            "timeouts": null,
            "user_data": null,
            "user_data_base64": null,
            "volume_tags": {},
            "vpc_security_group_ids": [
              "sg-02853b44997a8e500"
            ]
          },
          "private": "eyJlMmJmYjczMC1lY2FhLTExZTYtOGY4OC0zNDM2M2JjN2M0YzAiOnsiY3JlYXRlIjo2MDAwMDAwMDAwMDAsImRlbGV0ZSI6MTIwMDAwMDAwMDAwMCwidXBkYXRlIjo2MDAwMDAwMDAwMDB9LCJzY2hlbWFfdmVyc2lvbiI6IjEifQ==",
          "dependencies": [
            "module.my-ec2.aws_key_pair.demo_key",
            "module.my-ec2.aws_security_group.web_sg",
            "module.my-vpc.aws_subnet.subnet_a",
            "module.my-vpc.aws_vpc.vpc"
          ]
        }
      ]
    },
    {
      "module": "module.my-ec2",
      "mode": "managed",
      "type": "aws_key_pair",
      "name": "demo_key",
      "provider": "provider[\"registry.terraform.io/hashicorp/aws\"]",
      "instances": [
        {
          "schema_version": 1,
          "attributes": {
            "arn": "arn:aws:ec2:eu-west-1:560460596452:key-pair/demokeys",
            "fingerprint": "10:62:99:2a:73:96:54:25:91:50:99:89:e2:3a:c4:7e",
            "id": "demokeys",
            "key_name": "demokeys",
            "key_name_prefix": null,
            "key_pair_id": "key-0aa98198e02fc6571",
            "public_key": "ssh-rsa AAAAB3NzaC1yc2EAAAADAQABAAABAQDYfjWg1kQSN/PR2zlvKoXtkCN8JmI0qPK6B1ekjwMl/UTWlTHryEXKbwie2gjTDr55smQ3+ZpRQlOxA9vANoNBhMY6zkFyeNCzwLWxydaWf3X1Or1paq8HJCbAOmq0hxGwyeam6HY+60BvJH83MlgCxC6KGr1RsfFZ0vYjb5swhSiRKMcbvI3tY4bcHOliRxl4zz7vcSmwNFidnDPP1xh1ougyudTFvxhnwpzmjLUZ/j81gOCP3jZUMbgzSEm0HLz2SIFh0dDd6EUaUtYtY3BWxRto/gRLy+znEcAEExvoVA/SfjFVNtGnfXhAOVl5fst411zNOoVF5E9duwAMlzYV ubuntu@ip-172-31-45-205",
            "tags": {}
          },
          "private": "eyJzY2hlbWFfdmVyc2lvbiI6IjEifQ=="
        }
      ]
    },
    {
      "module": "module.my-ec2",
      "mode": "managed",
      "type": "aws_security_group",
      "name": "web_sg",
      "provider": "provider[\"registry.terraform.io/hashicorp/aws\"]",
      "instances": [
        {
          "schema_version": 1,
          "attributes": {
            "arn": "arn:aws:ec2:eu-west-1:560460596452:security-group/sg-02853b44997a8e500",
            "description": "Allow SSH",
            "egress": [
              {
                "cidr_blocks": [
                  "0.0.0.0/0"
                ],
                "description": "",
                "from_port": 0,
                "ipv6_cidr_blocks": [],
                "prefix_list_ids": [],
                "protocol": "-1",
                "security_groups": [],
                "self": false,
                "to_port": 0
              }
            ],
            "id": "sg-02853b44997a8e500",
            "ingress": [
              {
                "cidr_blocks": [
                  "0.0.0.0/0"
                ],
                "description": "",
                "from_port": 22,
                "ipv6_cidr_blocks": [],
                "prefix_list_ids": [],
                "protocol": "tcp",
                "security_groups": [],
                "self": false,
                "to_port": 22
              }
            ],
            "name": "DefaultSGWeb",
            "name_prefix": "",
            "owner_id": "560460596452",
            "revoke_rules_on_delete": false,
            "tags": {},
            "timeouts": null,
            "vpc_id": "vpc-039818767ea382385"
          },
          "private": "eyJlMmJmYjczMC1lY2FhLTExZTYtOGY4OC0zNDM2M2JjN2M0YzAiOnsiY3JlYXRlIjo2MDAwMDAwMDAwMDAsImRlbGV0ZSI6NjAwMDAwMDAwMDAwfSwic2NoZW1hX3ZlcnNpb24iOiIxIn0=",
          "dependencies": [
            "module.my-vpc.aws_vpc.vpc"
          ]
        }
      ]
    },
    {
      "module": "module.my-vpc",
      "mode": "managed",
      "type": "aws_internet_gateway",
      "name": "igw",
      "provider": "provider[\"registry.terraform.io/hashicorp/aws\"]",
      "instances": [
        {
          "schema_version": 0,
          "attributes": {
            "arn": "arn:aws:ec2:eu-west-1:560460596452:internet-gateway/igw-0a16d86136b136de9",
            "id": "igw-0a16d86136b136de9",
            "owner_id": "560460596452",
            "tags": {},
            "vpc_id": "vpc-039818767ea382385"
          },
          "private": "bnVsbA==",
          "dependencies": [
            "module.my-vpc.aws_vpc.vpc"
          ]
        }
      ]
    },
    {
      "module": "module.my-vpc",
      "mode": "managed",
      "type": "aws_route_table",
      "name": "rt",
      "provider": "provider[\"registry.terraform.io/hashicorp/aws\"]",
      "instances": [
        {
          "schema_version": 0,
          "attributes": {
            "id": "rtb-054dbdbf6682e321e",
            "owner_id": "560460596452",
            "propagating_vgws": [],
            "route": [
              {
                "cidr_block": "0.0.0.0/0",
                "egress_only_gateway_id": "",
                "gateway_id": "igw-0a16d86136b136de9",
                "instance_id": "",
                "ipv6_cidr_block": "",
                "local_gateway_id": "",
                "nat_gateway_id": "",
                "network_interface_id": "",
                "transit_gateway_id": "",
                "vpc_endpoint_id": "",
                "vpc_peering_connection_id": ""
              }
            ],
            "tags": {},
            "vpc_id": "vpc-039818767ea382385"
          },
          "private": "bnVsbA==",
          "dependencies": [
            "module.my-vpc.aws_internet_gateway.igw",
            "module.my-vpc.aws_vpc.vpc"
          ]
        }
      ]
    },
    {
      "module": "module.my-vpc",
      "mode": "managed",
      "type": "aws_route_table_association",
      "name": "rt_association",
      "provider": "provider[\"registry.terraform.io/hashicorp/aws\"]",
      "instances": [
        {
          "schema_version": 0,
          "attributes": {
            "gateway_id": null,
            "id": "rtbassoc-033b39ba4fa6b7df8",
            "route_table_id": "rtb-054dbdbf6682e321e",
            "subnet_id": "subnet-018d00a3c3bce444a"
          },
          "private": "bnVsbA==",
          "dependencies": [
            "module.my-vpc.aws_internet_gateway.igw",
            "module.my-vpc.aws_route_table.rt",
            "module.my-vpc.aws_subnet.subnet_a",
            "module.my-vpc.aws_vpc.vpc"
          ]
        }
      ]
    },
    {
      "module": "module.my-vpc",
      "mode": "managed",
      "type": "aws_subnet",
      "name": "subnet_a",
      "provider": "provider[\"registry.terraform.io/hashicorp/aws\"]",
      "instances": [
        {
          "schema_version": 1,
          "attributes": {
            "arn": "arn:aws:ec2:eu-west-1:560460596452:subnet/subnet-018d00a3c3bce444a",
            "assign_ipv6_address_on_creation": false,
            "availability_zone": "eu-west-1a",
            "availability_zone_id": "euw1-az3",
            "cidr_block": "10.0.1.0/24",
            "id": "subnet-018d00a3c3bce444a",
            "ipv6_cidr_block": "",
            "ipv6_cidr_block_association_id": "",
            "map_public_ip_on_launch": true,
            "outpost_arn": "",
            "owner_id": "560460596452",
            "tags": {},
            "timeouts": null,
            "vpc_id": "vpc-039818767ea382385"
          },
          "private": "eyJlMmJmYjczMC1lY2FhLTExZTYtOGY4OC0zNDM2M2JjN2M0YzAiOnsiY3JlYXRlIjo2MDAwMDAwMDAwMDAsImRlbGV0ZSI6MTIwMDAwMDAwMDAwMH0sInNjaGVtYV92ZXJzaW9uIjoiMSJ9",
          "dependencies": [
            "module.my-vpc.aws_vpc.vpc"
          ]
        }
      ]
    },
    {
      "module": "module.my-vpc",
      "mode": "managed",
      "type": "aws_subnet",
      "name": "subnet_b",
      "provider": "provider[\"registry.terraform.io/hashicorp/aws\"]",
      "instances": [
        {
          "schema_version": 1,
          "attributes": {
            "arn": "arn:aws:ec2:eu-west-1:560460596452:subnet/subnet-00c77636be5bd841b",
            "assign_ipv6_address_on_creation": false,
            "availability_zone": "eu-west-1a",
            "availability_zone_id": "euw1-az3",
            "cidr_block": "10.0.2.0/24",
            "id": "subnet-00c77636be5bd841b",
            "ipv6_cidr_block": "",
            "ipv6_cidr_block_association_id": "",
            "map_public_ip_on_launch": false,
            "outpost_arn": "",
            "owner_id": "560460596452",
            "tags": {},
            "timeouts": null,
            "vpc_id": "vpc-039818767ea382385"
          },
          "private": "eyJlMmJmYjczMC1lY2FhLTExZTYtOGY4OC0zNDM2M2JjN2M0YzAiOnsiY3JlYXRlIjo2MDAwMDAwMDAwMDAsImRlbGV0ZSI6MTIwMDAwMDAwMDAwMH0sInNjaGVtYV92ZXJzaW9uIjoiMSJ9",
          "dependencies": [
            "module.my-vpc.aws_vpc.vpc"
          ]
        }
      ]
    },
    {
      "module": "module.my-vpc",
      "mode": "managed",
      "type": "aws_vpc",
      "name": "vpc",
      "provider": "provider[\"registry.terraform.io/hashicorp/aws\"]",
      "instances": [
        {
          "schema_version": 1,
          "attributes": {
            "arn": "arn:aws:ec2:eu-west-1:560460596452:vpc/vpc-039818767ea382385",
            "assign_generated_ipv6_cidr_block": false,
            "cidr_block": "10.0.0.0/16",
            "default_network_acl_id": "acl-019365f382cd76913",
            "default_route_table_id": "rtb-05dac21adc892713b",
            "default_security_group_id": "sg-01a2e0739c2f551ae",
            "dhcp_options_id": "dopt-7e013a18",
            "enable_classiclink": false,
            "enable_classiclink_dns_support": false,
            "enable_dns_hostnames": true,
            "enable_dns_support": true,
            "id": "vpc-039818767ea382385",
            "instance_tenancy": "default",
            "ipv6_association_id": "",
            "ipv6_cidr_block": "",
            "main_route_table_id": "rtb-05dac21adc892713b",
            "owner_id": "560460596452",
            "tags": {}
          },
          "private": "eyJzY2hlbWFfdmVyc2lvbiI6IjEifQ=="
        }
      ]
    }
  ]
}
